// !$*UTF8*$!
{
	archiveVersion = 1;
	classes = {
	};
	objectVersion = 50;
	objects = {

/* Begin PBXBuildFile section */
		115E837A97AABD461DDBD108 /* Pods_firebase7app.framework in Frameworks */ = {isa = PBXBuildFile; fileRef = 8F86C9C7060FC8F482CF949F /* Pods_firebase7app.framework */; };
		E28B49D82096B88500F7E1FC /* LoginViewController.swift in Sources */ = {isa = PBXBuildFile; fileRef = E28B49D72096B88500F7E1FC /* LoginViewController.swift */; };
		E28B49DA2096B89200F7E1FC /* RegisterViewController.swift in Sources */ = {isa = PBXBuildFile; fileRef = E28B49D92096B89200F7E1FC /* RegisterViewController.swift */; };
		E28B49DC2096B8A100F7E1FC /* VerificatedViewController.swift in Sources */ = {isa = PBXBuildFile; fileRef = E28B49DB2096B8A100F7E1FC /* VerificatedViewController.swift */; };
		E28B49DF2096BCD600F7E1FC /* UserModel.swift in Sources */ = {isa = PBXBuildFile; fileRef = E28B49DE2096BCD600F7E1FC /* UserModel.swift */; };
		E2F5119D2096B76C0076F170 /* AppDelegate.swift in Sources */ = {isa = PBXBuildFile; fileRef = E2F5119C2096B76C0076F170 /* AppDelegate.swift */; };
		E2F511A22096B76C0076F170 /* Main.storyboard in Resources */ = {isa = PBXBuildFile; fileRef = E2F511A02096B76C0076F170 /* Main.storyboard */; };
		E2F511A42096B76D0076F170 /* Assets.xcassets in Resources */ = {isa = PBXBuildFile; fileRef = E2F511A32096B76D0076F170 /* Assets.xcassets */; };
		E2F511A72096B76D0076F170 /* LaunchScreen.storyboard in Resources */ = {isa = PBXBuildFile; fileRef = E2F511A52096B76D0076F170 /* LaunchScreen.storyboard */; };
		E2F511AF2096B7A50076F170 /* GoogleService-Info.plist in Resources */ = {isa = PBXBuildFile; fileRef = E2F511AE2096B7A50076F170 /* GoogleService-Info.plist */; };
/* End PBXBuildFile section */

/* Begin PBXFileReference section */
		8F86C9C7060FC8F482CF949F /* Pods_firebase7app.framework */ = {isa = PBXFileReference; explicitFileType = wrapper.framework; includeInIndex = 0; path = Pods_firebase7app.framework; sourceTree = BUILT_PRODUCTS_DIR; };
		A7978127073D5D3CECBB11F2 /* Pods-firebase7app.release.xcconfig */ = {isa = PBXFileReference; includeInIndex = 1; lastKnownFileType = text.xcconfig; name = "Pods-firebase7app.release.xcconfig"; path = "Pods/Target Support Files/Pods-firebase7app/Pods-firebase7app.release.xcconfig"; sourceTree = "<group>"; };
		B94CC9C190DA9497D366DFF1 /* Pods-firebase7app.debug.xcconfig */ = {isa = PBXFileReference; includeInIndex = 1; lastKnownFileType = text.xcconfig; name = "Pods-firebase7app.debug.xcconfig"; path = "Pods/Target Support Files/Pods-firebase7app/Pods-firebase7app.debug.xcconfig"; sourceTree = "<group>"; };
		E28B49D72096B88500F7E1FC /* LoginViewController.swift */ = {isa = PBXFileReference; lastKnownFileType = sourcecode.swift; path = LoginViewController.swift; sourceTree = "<group>"; };
		E28B49D92096B89200F7E1FC /* RegisterViewController.swift */ = {isa = PBXFileReference; lastKnownFileType = sourcecode.swift; path = RegisterViewController.swift; sourceTree = "<group>"; };
		E28B49DB2096B8A100F7E1FC /* VerificatedViewController.swift */ = {isa = PBXFileReference; lastKnownFileType = sourcecode.swift; path = VerificatedViewController.swift; sourceTree = "<group>"; };
		E28B49DE2096BCD600F7E1FC /* UserModel.swift */ = {isa = PBXFileReference; lastKnownFileType = sourcecode.swift; path = UserModel.swift; sourceTree = "<group>"; };
		E2F511992096B76C0076F170 /* firebase7app.app */ = {isa = PBXFileReference; explicitFileType = wrapper.application; includeInIndex = 0; path = firebase7app.app; sourceTree = BUILT_PRODUCTS_DIR; };
		E2F5119C2096B76C0076F170 /* AppDelegate.swift */ = {isa = PBXFileReference; lastKnownFileType = sourcecode.swift; path = AppDelegate.swift; sourceTree = "<group>"; };
		E2F511A12096B76C0076F170 /* Base */ = {isa = PBXFileReference; lastKnownFileType = file.storyboard; name = Base; path = Base.lproj/Main.storyboard; sourceTree = "<group>"; };
		E2F511A32096B76D0076F170 /* Assets.xcassets */ = {isa = PBXFileReference; lastKnownFileType = folder.assetcatalog; path = Assets.xcassets; sourceTree = "<group>"; };
		E2F511A62096B76D0076F170 /* Base */ = {isa = PBXFileReference; lastKnownFileType = file.storyboard; name = Base; path = Base.lproj/LaunchScreen.storyboard; sourceTree = "<group>"; };
		E2F511A82096B76D0076F170 /* Info.plist */ = {isa = PBXFileReference; lastKnownFileType = text.plist.xml; path = Info.plist; sourceTree = "<group>"; };
		E2F511AE2096B7A50076F170 /* GoogleService-Info.plist */ = {isa = PBXFileReference; fileEncoding = 4; lastKnownFileType = text.plist.xml; path = "GoogleService-Info.plist"; sourceTree = "<group>"; };
/* End PBXFileReference section */

/* Begin PBXFrameworksBuildPhase section */
		E2F511962096B76C0076F170 /* Frameworks */ = {
			isa = PBXFrameworksBuildPhase;
			buildActionMask = 2147483647;
			files = (
				115E837A97AABD461DDBD108 /* Pods_firebase7app.framework in Frameworks */,
			);
			runOnlyForDeploymentPostprocessing = 0;
		};
/* End PBXFrameworksBuildPhase section */

/* Begin PBXGroup section */
		B3C8AB03E137FA578C18C445 /* Pods */ = {
			isa = PBXGroup;
			children = (
				B94CC9C190DA9497D366DFF1 /* Pods-firebase7app.debug.xcconfig */,
				A7978127073D5D3CECBB11F2 /* Pods-firebase7app.release.xcconfig */,
			);
			name = Pods;
			sourceTree = "<group>";
		};
		E28B49D62096B86F00F7E1FC /* controllers */ = {
			isa = PBXGroup;
			children = (
				E28B49D72096B88500F7E1FC /* LoginViewController.swift */,
				E28B49D92096B89200F7E1FC /* RegisterViewController.swift */,
				E28B49DB2096B8A100F7E1FC /* VerificatedViewController.swift */,
			);
			path = controllers;
			sourceTree = "<group>";
		};
		E28B49E02096C99A00F7E1FC /* resources */ = {
			isa = PBXGroup;
			children = (
				E28B49E22096C9BF00F7E1FC /* images */,
				E28B49E12096C9AB00F7E1FC /* firebase */,
			);
			path = resources;
			sourceTree = "<group>";
		};
		E28B49E12096C9AB00F7E1FC /* firebase */ = {
			isa = PBXGroup;
			children = (
				E2F511AE2096B7A50076F170 /* GoogleService-Info.plist */,
			);
			path = firebase;
			sourceTree = "<group>";
		};
		E28B49E22096C9BF00F7E1FC /* images */ = {
			isa = PBXGroup;
			children = (
				E2F511A32096B76D0076F170 /* Assets.xcassets */,
			);
			path = images;
			sourceTree = "<group>";
		};
		E28B49E32096C9E600F7E1FC /* model */ = {
			isa = PBXGroup;
			children = (
				E28B49DE2096BCD600F7E1FC /* UserModel.swift */,
			);
			path = model;
			sourceTree = "<group>";
		};
		E2F511902096B76C0076F170 = {
			isa = PBXGroup;
			children = (
				E2F5119B2096B76C0076F170 /* firebase7app */,
				E2F5119A2096B76C0076F170 /* Products */,
				B3C8AB03E137FA578C18C445 /* Pods */,
				EC1B8C3AB3CD245189A6495C /* Frameworks */,
			);
			sourceTree = "<group>";
		};
		E2F5119A2096B76C0076F170 /* Products */ = {
			isa = PBXGroup;
			children = (
				E2F511992096B76C0076F170 /* firebase7app.app */,
			);
			name = Products;
			sourceTree = "<group>";
		};
		E2F5119B2096B76C0076F170 /* firebase7app */ = {
			isa = PBXGroup;
			children = (
				E28B49E32096C9E600F7E1FC /* model */,
				E28B49E02096C99A00F7E1FC /* resources */,
				E28B49D62096B86F00F7E1FC /* controllers */,
				E2F5119C2096B76C0076F170 /* AppDelegate.swift */,
				E2F511A02096B76C0076F170 /* Main.storyboard */,
				E2F511A52096B76D0076F170 /* LaunchScreen.storyboard */,
				E2F511A82096B76D0076F170 /* Info.plist */,
			);
			path = firebase7app;
			sourceTree = "<group>";
		};
		EC1B8C3AB3CD245189A6495C /* Frameworks */ = {
			isa = PBXGroup;
			children = (
				8F86C9C7060FC8F482CF949F /* Pods_firebase7app.framework */,
			);
			name = Frameworks;
			sourceTree = "<group>";
		};
/* End PBXGroup section */

/* Begin PBXNativeTarget section */
		E2F511982096B76C0076F170 /* firebase7app */ = {
			isa = PBXNativeTarget;
			buildConfigurationList = E2F511AB2096B76D0076F170 /* Build configuration list for PBXNativeTarget "firebase7app" */;
			buildPhases = (
				6D87F12612F865EBA0DE02F7 /* [CP] Check Pods Manifest.lock */,
				E2F511952096B76C0076F170 /* Sources */,
				E2F511962096B76C0076F170 /* Frameworks */,
				E2F511972096B76C0076F170 /* Resources */,
				70BFEBE69048B5D8F5B13499 /* [CP] Embed Pods Frameworks */,
			);
			buildRules = (
			);
			dependencies = (
			);
			name = firebase7app;
			productName = firebase7app;
			productReference = E2F511992096B76C0076F170 /* firebase7app.app */;
			productType = "com.apple.product-type.application";
		};
/* End PBXNativeTarget section */

/* Begin PBXProject section */
		E2F511912096B76C0076F170 /* Project object */ = {
			isa = PBXProject;
			attributes = {
				LastSwiftUpdateCheck = 0930;
				LastUpgradeCheck = 0930;
				ORGANIZATIONNAME = mescurra;
				TargetAttributes = {
					E2F511982096B76C0076F170 = {
						CreatedOnToolsVersion = 9.3;
					};
				};
			};
			buildConfigurationList = E2F511942096B76C0076F170 /* Build configuration list for PBXProject "firebase7app" */;
			compatibilityVersion = "Xcode 9.3";
			developmentRegion = en;
			hasScannedForEncodings = 0;
			knownRegions = (
				en,
				Base,
			);
			mainGroup = E2F511902096B76C0076F170;
			productRefGroup = E2F5119A2096B76C0076F170 /* Products */;
			projectDirPath = "";
			projectRoot = "";
			targets = (
				E2F511982096B76C0076F170 /* firebase7app */,
			);
		};
/* End PBXProject section */

/* Begin PBXResourcesBuildPhase section */
		E2F511972096B76C0076F170 /* Resources */ = {
			isa = PBXResourcesBuildPhase;
			buildActionMask = 2147483647;
			files = (
				E2F511A72096B76D0076F170 /* LaunchScreen.storyboard in Resources */,
				E2F511AF2096B7A50076F170 /* GoogleService-Info.plist in Resources */,
				E2F511A42096B76D0076F170 /* Assets.xcassets in Resources */,
				E2F511A22096B76C0076F170 /* Main.storyboard in Resources */,
			);
			runOnlyForDeploymentPostprocessing = 0;
		};
/* End PBXResourcesBuildPhase section */

/* Begin PBXShellScriptBuildPhase section */
		6D87F12612F865EBA0DE02F7 /* [CP] Check Pods Manifest.lock */ = {
			isa = PBXShellScriptBuildPhase;
			buildActionMask = 2147483647;
			files = (
			);
			inputPaths = (
				"${PODS_PODFILE_DIR_PATH}/Podfile.lock",
				"${PODS_ROOT}/Manifest.lock",
			);
			name = "[CP] Check Pods Manifest.lock";
			outputPaths = (
				"$(DERIVED_FILE_DIR)/Pods-firebase7app-checkManifestLockResult.txt",
			);
			runOnlyForDeploymentPostprocessing = 0;
			shellPath = /bin/sh;
			shellScript = "diff \"${PODS_PODFILE_DIR_PATH}/Podfile.lock\" \"${PODS_ROOT}/Manifest.lock\" > /dev/null\nif [ $? != 0 ] ; then\n    # print error to STDERR\n    echo \"error: The sandbox is not in sync with the Podfile.lock. Run 'pod install' or update your CocoaPods installation.\" >&2\n    exit 1\nfi\n# This output is used by Xcode 'outputs' to avoid re-running this script phase.\necho \"SUCCESS\" > \"${SCRIPT_OUTPUT_FILE_0}\"\n";
			showEnvVarsInLog = 0;
		};
		70BFEBE69048B5D8F5B13499 /* [CP] Embed Pods Frameworks */ = {
			isa = PBXShellScriptBuildPhase;
			buildActionMask = 2147483647;
			files = (
			);
			inputPaths = (
				"${SRCROOT}/Pods/Target Support Files/Pods-firebase7app/Pods-firebase7app-frameworks.sh",
				"${BUILT_PRODUCTS_DIR}/GTMSessionFetcher/GTMSessionFetcher.framework",
				"${BUILT_PRODUCTS_DIR}/GoogleToolboxForMac/GoogleToolboxForMac.framework",
				"${BUILT_PRODUCTS_DIR}/Protobuf/Protobuf.framework",
				"${BUILT_PRODUCTS_DIR}/leveldb-library/leveldb.framework",
				"${BUILT_PRODUCTS_DIR}/nanopb/nanopb.framework",
			);
			name = "[CP] Embed Pods Frameworks";
			outputPaths = (
				"${TARGET_BUILD_DIR}/${FRAMEWORKS_FOLDER_PATH}/GTMSessionFetcher.framework",
				"${TARGET_BUILD_DIR}/${FRAMEWORKS_FOLDER_PATH}/GoogleToolboxForMac.framework",
				"${TARGET_BUILD_DIR}/${FRAMEWORKS_FOLDER_PATH}/Protobuf.framework",
				"${TARGET_BUILD_DIR}/${FRAMEWORKS_FOLDER_PATH}/leveldb.framework",
				"${TARGET_BUILD_DIR}/${FRAMEWORKS_FOLDER_PATH}/nanopb.framework",
			);
			runOnlyForDeploymentPostprocessing = 0;
			shellPath = /bin/sh;
			shellScript = "\"${SRCROOT}/Pods/Target Support Files/Pods-firebase7app/Pods-firebase7app-frameworks.sh\"\n";
			showEnvVarsInLog = 0;
		};
/* End PBXShellScriptBuildPhase section */

/* Begin PBXSourcesBuildPhase section */
		E2F511952096B76C0076F170 /* Sources */ = {
			isa = PBXSourcesBuildPhase;
			buildActionMask = 2147483647;
			files = (
				E28B49DA2096B89200F7E1FC /* RegisterViewController.swift in Sources */,
				E28B49D82096B88500F7E1FC /* LoginViewController.swift in Sources */,
				E2F5119D2096B76C0076F170 /* AppDelegate.swift in Sources */,
				E28B49DF2096BCD600F7E1FC /* UserModel.swift in Sources */,
				E28B49DC2096B8A100F7E1FC /* VerificatedViewController.swift in Sources */,
			);
			runOnlyForDeploymentPostprocessing = 0;
		};
/* End PBXSourcesBuildPhase section */

/* Begin PBXVariantGroup section */
		E2F511A02096B76C0076F170 /* Main.storyboard */ = {
			isa = PBXVariantGroup;
			children = (
				E2F511A12096B76C0076F170 /* Base */,
			);
			name = Main.storyboard;
			sourceTree = "<group>";
		};
		E2F511A52096B76D0076F170 /* LaunchScreen.storyboard */ = {
			isa = PBXVariantGroup;
			children = (
				E2F511A62096B76D0076F170 /* Base */,
			);
			name = LaunchScreen.storyboard;
			sourceTree = "<group>";
		};
/* End PBXVariantGroup section */

/* Begin XCBuildConfiguration section */
		E2F511A92096B76D0076F170 /* Debug */ = {
			isa = XCBuildConfiguration;
			buildSettings = {
				ALWAYS_SEARCH_USER_PATHS = NO;
				CLANG_ANALYZER_NONNULL = YES;
				CLANG_ANALYZER_NUMBER_OBJECT_CONVERSION = YES_AGGRESSIVE;
				CLANG_CXX_LANGUAGE_STANDARD = "gnu++14";
				CLANG_CXX_LIBRARY = "libc++";
				CLANG_ENABLE_MODULES = YES;
				CLANG_ENABLE_OBJC_ARC = YES;
				CLANG_ENABLE_OBJC_WEAK = YES;
				CLANG_WARN_BLOCK_CAPTURE_AUTORELEASING = YES;
				CLANG_WARN_BOOL_CONVERSION = YES;
				CLANG_WARN_COMMA = YES;
				CLANG_WARN_CONSTANT_CONVERSION = YES;
				CLANG_WARN_DEPRECATED_OBJC_IMPLEMENTATIONS = YES;
				CLANG_WARN_DIRECT_OBJC_ISA_USAGE = YES_ERROR;
				CLANG_WARN_DOCUMENTATION_COMMENTS = YES;
				CLANG_WARN_EMPTY_BODY = YES;
				CLANG_WARN_ENUM_CONVERSION = YES;
				CLANG_WARN_INFINITE_RECURSION = YES;
				CLANG_WARN_INT_CONVERSION = YES;
				CLANG_WARN_NON_LITERAL_NULL_CONVERSION = YES;
				CLANG_WARN_OBJC_IMPLICIT_RETAIN_SELF = YES;
				CLANG_WARN_OBJC_LITERAL_CONVERSION = YES;
				CLANG_WARN_OBJC_ROOT_CLASS = YES_ERROR;
				CLANG_WARN_RANGE_LOOP_ANALYSIS = YES;
				CLANG_WARN_STRICT_PROTOTYPES = YES;
				CLANG_WARN_SUSPICIOUS_MOVE = YES;
				CLANG_WARN_UNGUARDED_AVAILABILITY = YES_AGGRESSIVE;
				CLANG_WARN_UNREACHABLE_CODE = YES;
				CLANG_WARN__DUPLICATE_METHOD_MATCH = YES;
				CODE_SIGN_IDENTITY = "iPhone Developer";
				COPY_PHASE_STRIP = NO;
				DEBUG_INFORMATION_FORMAT = dwarf;
				ENABLE_STRICT_OBJC_MSGSEND = YES;
				ENABLE_TESTABILITY = YES;
				GCC_C_LANGUAGE_STANDARD = gnu11;
				GCC_DYNAMIC_NO_PIC = NO;
				GCC_NO_COMMON_BLOCKS = YES;
				GCC_OPTIMIZATION_LEVEL = 0;
				GCC_PREPROCESSOR_DEFINITIONS = (
					"DEBUG=1",
					"$(inherited)",
				);
				GCC_WARN_64_TO_32_BIT_CONVERSION = YES;
				GCC_WARN_ABOUT_RETURN_TYPE = YES_ERROR;
				GCC_WARN_UNDECLARED_SELECTOR = YES;
				GCC_WARN_UNINITIALIZED_AUTOS = YES_AGGRESSIVE;
				GCC_WARN_UNUSED_FUNCTION = YES;
				GCC_WARN_UNUSED_VARIABLE = YES;
				IPHONEOS_DEPLOYMENT_TARGET = 11.3;
				MTL_ENABLE_DEBUG_INFO = YES;
				ONLY_ACTIVE_ARCH = YES;
				SDKROOT = iphoneos;
				SWIFT_ACTIVE_COMPILATION_CONDITIONS = DEBUG;
				SWIFT_OPTIMIZATION_LEVEL = "-Onone";
			};
			name = Debug;
		};
		E2F511AA2096B76D0076F170 /* Release */ = {
			isa = XCBuildConfiguration;
			buildSettings = {
				ALWAYS_SEARCH_USER_PATHS = NO;
				CLANG_ANALYZER_NONNULL = YES;
				CLANG_ANALYZER_NUMBER_OBJECT_CONVERSION = YES_AGGRESSIVE;
				CLANG_CXX_LANGUAGE_STANDARD = "gnu++14";
				CLANG_CXX_LIBRARY = "libc++";
				CLANG_ENABLE_MODULES = YES;
				CLANG_ENABLE_OBJC_ARC = YES;
				CLANG_ENABLE_OBJC_WEAK = YES;
				CLANG_WARN_BLOCK_CAPTURE_AUTORELEASING = YES;
				CLANG_WARN_BOOL_CONVERSION = YES;
				CLANG_WARN_COMMA = YES;
				CLANG_WARN_CONSTANT_CONVERSION = YES;
				CLANG_WARN_DEPRECATED_OBJC_IMPLEMENTATIONS = YES;
				CLANG_WARN_DIRECT_OBJC_ISA_USAGE = YES_ERROR;
				CLANG_WARN_DOCUMENTATION_COMMENTS = YES;
				CLANG_WARN_EMPTY_BODY = YES;
				CLANG_WARN_ENUM_CONVERSION = YES;
				CLANG_WARN_INFINITE_RECURSION = YES;
				CLANG_WARN_INT_CONVERSION = YES;
				CLANG_WARN_NON_LITERAL_NULL_CONVERSION = YES;
				CLANG_WARN_OBJC_IMPLICIT_RETAIN_SELF = YES;
				CLANG_WARN_OBJC_LITERAL_CONVERSION = YES;
				CLANG_WARN_OBJC_ROOT_CLASS = YES_ERROR;
				CLANG_WARN_RANGE_LOOP_ANALYSIS = YES;
				CLANG_WARN_STRICT_PROTOTYPES = YES;
				CLANG_WARN_SUSPICIOUS_MOVE = YES;
				CLANG_WARN_UNGUARDED_AVAILABILITY = YES_AGGRESSIVE;
				CLANG_WARN_UNREACHABLE_CODE = YES;
				CLANG_WARN__DUPLICATE_METHOD_MATCH = YES;
				CODE_SIGN_IDENTITY = "iPhone Developer";
				COPY_PHASE_STRIP = NO;
				DEBUG_INFORMATION_FORMAT = "dwarf-with-dsym";
				ENABLE_NS_ASSERTIONS = NO;
				ENABLE_STRICT_OBJC_MSGSEND = YES;
				GCC_C_LANGUAGE_STANDARD = gnu11;
				GCC_NO_COMMON_BLOCKS = YES;
				GCC_WARN_64_TO_32_BIT_CONVERSION = YES;
				GCC_WARN_ABOUT_RETURN_TYPE = YES_ERROR;
				GCC_WARN_UNDECLARED_SELECTOR = YES;
				GCC_WARN_UNINITIALIZED_AUTOS = YES_AGGRESSIVE;
				GCC_WARN_UNUSED_FUNCTION = YES;
				GCC_WARN_UNUSED_VARIABLE = YES;
				IPHONEOS_DEPLOYMENT_TARGET = 11.3;
				MTL_ENABLE_DEBUG_INFO = NO;
				SDKROOT = iphoneos;
				SWIFT_COMPILATION_MODE = wholemodule;
				SWIFT_OPTIMIZATION_LEVEL = "-O";
				VALIDATE_PRODUCT = YES;
			};
			name = Release;
		};
		E2F511AC2096B76D0076F170 /* Debug */ = {
			isa = XCBuildConfiguration;
			baseConfigurationReference = B94CC9C190DA9497D366DFF1 /* Pods-firebase7app.debug.xcconfig */;
			buildSettings = {
				ASSETCATALOG_COMPILER_APPICON_NAME = AppIcon;
				CODE_SIGN_STYLE = Automatic;
				INFOPLIST_FILE = firebase7app/Info.plist;
				LD_RUNPATH_SEARCH_PATHS = (
					"$(inherited)",
					"@executable_path/Frameworks",
				);
				PRODUCT_BUNDLE_IDENTIFIER = com.mescurra.proyectos.firebase7app;
				PRODUCT_NAME = "$(TARGET_NAME)";
				SWIFT_VERSION = 4.0;
				TARGETED_DEVICE_FAMILY = "1,2";
			};
			name = Debug;
		};
		E2F511AD2096B76D0076F170 /* Release */ = {
			isa = XCBuildConfiguration;
			baseConfigurationReference = A7978127073D5D3CECBB11F2 /* Pods-firebase7app.release.xcconfig */;
			buildSettings = {
				ASSETCATALOG_COMPILER_APPICON_NAME = AppIcon;
				CODE_SIGN_STYLE = Automatic;
				INFOPLIST_FILE = firebase7app/Info.plist;
				LD_RUNPATH_SEARCH_PATHS = (
					"$(inherited)",
					"@executable_path/Frameworks",
				);
				PRODUCT_BUNDLE_IDENTIFIER = com.mescurra.proyectos.firebase7app;
				PRODUCT_NAME = "$(TARGET_NAME)";
				SWIFT_VERSION = 4.0;
				TARGETED_DEVICE_FAMILY = "1,2";
			};
			name = Release;
		};
/* End XCBuildConfiguration section */

/* Begin XCConfigurationList section */
		E2F511942096B76C0076F170 /* Build configuration list for PBXProject "firebase7app" */ = {
			isa = XCConfigurationList;
			buildConfigurations = (
				E2F511A92096B76D0076F170 /* Debug */,
				E2F511AA2096B76D0076F170 /* Release */,
			);
			defaultConfigurationIsVisible = 0;
			defaultConfigurationName = Release;
		};
		E2F511AB2096B76D0076F170 /* Build configuration list for PBXNativeTarget "firebase7app" */ = {
			isa = XCConfigurationList;
			buildConfigurations = (
				E2F511AC2096B76D0076F170 /* Debug */,
				E2F511AD2096B76D0076F170 /* Release */,
			);
			defaultConfigurationIsVisible = 0;
			defaultConfigurationName = Release;
		};
/* End XCConfigurationList section */
	};
	rootObject = E2F511912096B76C0076F170 /* Project object */;
}
